# This file is automatically @generated by Cargo.
# It is not intended for manual editing.
version = 3

[[package]]
name = "async-task"
version = "4.4.0"
source = "registry+https://github.com/rust-lang/crates.io-index"
checksum = "ecc7ab41815b3c653ccd2978ec3255c81349336702dfdf62ee6f7069b12a3aae"

[[package]]
name = "autocfg"
version = "1.1.0"
source = "registry+https://github.com/rust-lang/crates.io-index"
checksum = "d468802bab17cbc0cc575e9b053f41e72aa36bfa6b7f55e3529ffa43161b97fa"

[[package]]
name = "cc"
version = "1.0.79"
source = "registry+https://github.com/rust-lang/crates.io-index"
checksum = "50d30906286121d95be3d479533b458f87493b30a4b5f79a607db8f5d11aa91f"

[[package]]
name = "cfg-if"
version = "1.0.0"
source = "registry+https://github.com/rust-lang/crates.io-index"
checksum = "baf1de4339761588bc0619e3cbc0120ee582ebb74b53b4efbf79117bd2da40fd"

[[package]]
name = "concurrent-queue"
version = "2.0.0"
source = "registry+https://github.com/rust-lang/crates.io-index"
checksum = "bd7bef69dc86e3c610e4e7aed41035e2a7ed12e72dd7530f61327a6579a4390b"
dependencies = [
 "crossbeam-utils",
]

[[package]]
name = "crossbeam-utils"
version = "0.8.15"
source = "registry+https://github.com/rust-lang/crates.io-index"
checksum = "3c063cd8cc95f5c377ed0d4b49a4b21f632396ff690e8470c29b3359b346984b"
dependencies = [
 "cfg-if",
]

[[package]]
name = "cty"
version = "0.2.2"
source = "registry+https://github.com/rust-lang/crates.io-index"
checksum = "b365fabc795046672053e29c954733ec3b05e4be654ab130fe8f1f94d7051f35"

[[package]]
name = "ocaml"
version = "1.0.0-beta.5"
source = "registry+https://github.com/rust-lang/crates.io-index"
checksum = "871da589fac01351dda8c8b26a5132b90d8accd5382424cd072902584ffe0c02"
dependencies = [
 "ocaml-boxroot-sys",
 "ocaml-derive",
 "ocaml-interop",
 "ocaml-sys 0.23.0",
]

[[package]]
name = "ocaml-boxroot-sys"
version = "0.2.0"
source = "registry+https://github.com/rust-lang/crates.io-index"
checksum = "5186393bfbee4ce2bc5bbb82beafb77e85c1d0a557e3cfc8c8a0d63d7845fed5"
dependencies = [
 "cc",
]

[[package]]
name = "ocaml-build"
version = "1.0.0-beta.4"
source = "registry+https://github.com/rust-lang/crates.io-index"
checksum = "ae2b0b155a81c2f3f9e71cb1f47e84d705d852e9ea7c10955d8bce1fa2d26aa0"
dependencies = [
 "proc-macro2",
 "syn",
]

[[package]]
name = "ocaml-derive"
version = "1.0.0-beta.5"
source = "registry+https://github.com/rust-lang/crates.io-index"
checksum = "5cdffd393e5e346c52509608ac6c3be178523931bf9f50c18d23836474521d17"
dependencies = [
 "proc-macro2",
 "quote",
 "syn",
]

[[package]]
name = "ocaml-interop"
version = "0.8.8"
source = "registry+https://github.com/rust-lang/crates.io-index"
checksum = "2e01e08412a7e072a90a225d2ae49a2860aeea853ce673bc63891dbf86aed063"
dependencies = [
 "ocaml-boxroot-sys",
 "ocaml-sys 0.22.3",
 "static_assertions",
]

[[package]]
name = "ocaml-lwt-interop"
version = "0.1.2"
dependencies = [
 "async-task",
 "concurrent-queue",
 "ocaml",
 "ocaml-build",
 "slab",
]

[[package]]
name = "ocaml-sys"
version = "0.22.3"
source = "registry+https://github.com/rust-lang/crates.io-index"
checksum = "73ec6ca7d41458442627435afb8f4671e83fd642e8a560171d671a1f679aa3cf"
dependencies = [
 "cty",
]

[[package]]
name = "ocaml-sys"
version = "0.23.0"
source = "registry+https://github.com/rust-lang/crates.io-index"
checksum = "dc814766094de5f0f1c7e027027eb05c603cd7e235cc04ae195185fddecc1285"
dependencies = [
 "cc",
 "cty",
]

[[package]]
name = "proc-macro2"
version = "1.0.59"
source = "registry+https://github.com/rust-lang/crates.io-index"
checksum = "6aeca18b86b413c660b781aa319e4e2648a3e6f9eadc9b47e9038e6fe9f3451b"
dependencies = [
 "unicode-ident",
]

[[package]]
name = "quote"
version = "1.0.28"
source = "registry+https://github.com/rust-lang/crates.io-index"
checksum = "1b9ab9c7eadfd8df19006f1cf1a4aed13540ed5cbc047010ece5826e10825488"
dependencies = [
 "proc-macro2",
]

[[package]]
name = "slab"
version = "0.4.8"
source = "registry+https://github.com/rust-lang/crates.io-index"
checksum = "6528351c9bc8ab22353f9d776db39a20288e8d6c37ef8cfe3317cf875eecfc2d"
dependencies = [
 "autocfg",
]

[[package]]
name = "static_assertions"
version = "1.1.0"
source = "registry+https://github.com/rust-lang/crates.io-index"
checksum = "a2eb9349b6444b326872e140eb1cf5e7c522154d69e7a0ffb0fb81c06b37543f"

[[package]]
name = "syn"
version = "1.0.109"
source = "registry+https://github.com/rust-lang/crates.io-index"
checksum = "72b64191b275b66ffe2469e8af2c1cfe3bafa67b529ead792a6d0160888b4237"
dependencies = [
 "proc-macro2",
 "quote",
 "unicode-ident",
]

[[package]]
name = "unicode-ident"
version = "1.0.9"
source = "registry+https://github.com/rust-lang/crates.io-index"
checksum = "b15811caf2415fb889178633e7724bad2509101cde276048e013b9def5e51fa0"
